// !$*UTF8*$!
{
	archiveVersion = 1;
	classes = {
	};
	objectVersion = 46;
	objects = {

/* Begin PBXBuildFile section */
		FFFF0C931D852DBC00018F46 /* AppDelegate.swift in Sources */ = {isa = PBXBuildFile; fileRef = FFFF0C921D852DBC00018F46 /* AppDelegate.swift */; };
		FFFF0C951D852DBC00018F46 /* ViewController.swift in Sources */ = {isa = PBXBuildFile; fileRef = FFFF0C941D852DBC00018F46 /* ViewController.swift */; };
		FFFF0C981D852DBC00018F46 /* Main.storyboard in Resources */ = {isa = PBXBuildFile; fileRef = FFFF0C961D852DBC00018F46 /* Main.storyboard */; };
		FFFF0C9A1D852DBD00018F46 /* Assets.xcassets in Resources */ = {isa = PBXBuildFile; fileRef = FFFF0C991D852DBD00018F46 /* Assets.xcassets */; };
		FFFF0C9D1D852DBD00018F46 /* LaunchScreen.storyboard in Resources */ = {isa = PBXBuildFile; fileRef = FFFF0C9B1D852DBD00018F46 /* LaunchScreen.storyboard */; };
		FFFF0CA61D852E8000018F46 /* Speech.framework in Frameworks */ = {isa = PBXBuildFile; fileRef = FFFF0CA51D852E8000018F46 /* Speech.framework */; };
/* End PBXBuildFile section */

/* Begin PBXFileReference section */
		FFFF0C8F1D852DBC00018F46 /* Speach.app */ = {isa = PBXFileReference; explicitFileType = wrapper.application; includeInIndex = 0; path = Speach.app; sourceTree = BUILT_PRODUCTS_DIR; };
		FFFF0C921D852DBC00018F46 /* AppDelegate.swift */ = {isa = PBXFileReference; lastKnownFileType = sourcecode.swift; path = AppDelegate.swift; sourceTree = "<group>"; };
		FFFF0C941D852DBC00018F46 /* ViewController.swift */ = {isa = PBXFileReference; lastKnownFileType = sourcecode.swift; path = ViewController.swift; sourceTree = "<group>"; };
		FFFF0C971D852DBC00018F46 /* Base */ = {isa = PBXFileReference; lastKnownFileType = file.storyboard; name = Base; path = Base.lproj/Main.storyboard; sourceTree = "<group>"; };
		FFFF0C991D852DBD00018F46 /* Assets.xcassets */ = {isa = PBXFileReference; lastKnownFileType = folder.assetcatalog; path = Assets.xcassets; sourceTree = "<group>"; };
		FFFF0C9C1D852DBD00018F46 /* Base */ = {isa = PBXFileReference; lastKnownFileType = file.storyboard; name = Base; path = Base.lproj/LaunchScreen.storyboard; sourceTree = "<group>"; };
		FFFF0C9E1D852DBD00018F46 /* Info.plist */ = {isa = PBXFileReference; lastKnownFileType = text.plist.xml; path = Info.plist; sourceTree = "<group>"; };
		FFFF0CA51D852E8000018F46 /* Speech.framework */ = {isa = PBXFileReference; lastKnownFileType = wrapper.framework; name = Speech.framework; path = System/Library/Frameworks/Speech.framework; sourceTree = SDKROOT; };
/* End PBXFileReference section */

/* Begin PBXFrameworksBuildPhase section */
		FFFF0C8C1D852DBC00018F46 /* Frameworks */ = {
			isa = PBXFrameworksBuildPhase;
			buildActionMask = 2147483647;
			files = (
				FFFF0CA61D852E8000018F46 /* Speech.framework in Frameworks */,
			);
			runOnlyForDeploymentPostprocessing = 0;
		};
/* End PBXFrameworksBuildPhase section */

/* Begin PBXGroup section */
		FFFF0C861D852DBC00018F46 = {
			isa = PBXGroup;
			children = (
				FFFF0C911D852DBC00018F46 /* Speach */,
				FFFF0C901D852DBC00018F46 /* Products */,
				FFFF0CA41D852E8000018F46 /* Frameworks */,
			);
			sourceTree = "<group>";
		};
		FFFF0C901D852DBC00018F46 /* Products */ = {
			isa = PBXGroup;
			children = (
				FFFF0C8F1D852DBC00018F46 /* Speach.app */,
			);
			name = Products;
			sourceTree = "<group>";
		};
		FFFF0C911D852DBC00018F46 /* Speach */ = {
			isa = PBXGroup;
			children = (
				FFFF0C921D852DBC00018F46 /* AppDelegate.swift */,
				FFFF0C941D852DBC00018F46 /* ViewController.swift */,
				FFFF0C961D852DBC00018F46 /* Main.storyboard */,
				FFFF0C991D852DBD00018F46 /* Assets.xcassets */,
				FFFF0C9B1D852DBD00018F46 /* LaunchScreen.storyboard */,
				FFFF0C9E1D852DBD00018F46 /* Info.plist */,
			);
			path = Speach;
			sourceTree = "<group>";
		};
		FFFF0CA41D852E8000018F46 /* Frameworks */ = {
			isa = PBXGroup;
			children = (
				FFFF0CA51D852E8000018F46 /* Speech.framework */,
			);
			name = Frameworks;
			sourceTree = "<group>";
		};
/* End PBXGroup section */

/* Begin PBXNativeTarget section */
		FFFF0C8E1D852DBC00018F46 /* Speach */ = {
			isa = PBXNativeTarget;
			buildConfigurationList = FFFF0CA11D852DBD00018F46 /* Build configuration list for PBXNativeTarget "Speach" */;
			buildPhases = (
				FFFF0C8B1D852DBC00018F46 /* Sources */,
				FFFF0C8C1D852DBC00018F46 /* Frameworks */,
				FFFF0C8D1D852DBC00018F46 /* Resources */,
			);
			buildRules = (
			);
			dependencies = (
			);
			name = Speach;
			productName = Speach;
			productReference = FFFF0C8F1D852DBC00018F46 /* Speach.app */;
			productType = "com.apple.product-type.application";
		};
/* End PBXNativeTarget section */

/* Begin PBXProject section */
		FFFF0C871D852DBC00018F46 /* Project object */ = {
			isa = PBXProject;
			attributes = {
				LastSwiftUpdateCheck = 0800;
				LastUpgradeCheck = 0800;
				ORGANIZATIONNAME = Dessin.tokyo;
				TargetAttributes = {
					FFFF0C8E1D852DBC00018F46 = {
						CreatedOnToolsVersion = 8.0;
						DevelopmentTeam = 439Z8JVDE9;
						ProvisioningStyle = Automatic;
					};
				};
			};
			buildConfigurationList = FFFF0C8A1D852DBC00018F46 /* Build configuration list for PBXProject "Speach" */;
			compatibilityVersion = "Xcode 3.2";
			developmentRegion = English;
			hasScannedForEncodings = 0;
			knownRegions = (
				en,
				Base,
			);
			mainGroup = FFFF0C861D852DBC00018F46;
			productRefGroup = FFFF0C901D852DBC00018F46 /* Products */;
			projectDirPath = "";
			projectRoot = "";
			targets = (
				FFFF0C8E1D852DBC00018F46 /* Speach */,
			);
		};
/* End PBXProject section */

/* Begin PBXResourcesBuildPhase section */
		FFFF0C8D1D852DBC00018F46 /* Resources */ = {
			isa = PBXResourcesBuildPhase;
			buildActionMask = 2147483647;
			files = (
				FFFF0C9D1D852DBD00018F46 /* LaunchScreen.storyboard in Resources */,
				FFFF0C9A1D852DBD00018F46 /* Assets.xcassets in Resources */,
				FFFF0C981D852DBC00018F46 /* Main.storyboard in Resources */,
			);
			runOnlyForDeploymentPostprocessing = 0;
		};
/* End PBXResourcesBuildPhase section */

/* Begin PBXSourcesBuildPhase section */
		FFFF0C8B1D852DBC00018F46 /* Sources */ = {
			isa = PBXSourcesBuildPhase;
			buildActionMask = 2147483647;
			files = (
				FFFF0C951D852DBC00018F46 /* ViewController.swift in Sources */,
				FFFF0C931D852DBC00018F46 /* AppDelegate.swift in Sources */,
			);
			runOnlyForDeploymentPostprocessing = 0;
		};
/* End PBXSourcesBuildPhase section */

/* Begin PBXVariantGroup section */
		FFFF0C961D852DBC00018F46 /* Main.storyboard */ = {
			isa = PBXVariantGroup;
			children = (
				FFFF0C971D852DBC00018F46 /* Base */,
			);
			name = Main.storyboard;
			sourceTree = "<group>";
		};
		FFFF0C9B1D852DBD00018F46 /* LaunchScreen.storyboard */ = {
			isa = PBXVariantGroup;
			children = (
				FFFF0C9C1D852DBD00018F46 /* Base */,
			);
			name = LaunchScreen.storyboard;
			sourceTree = "<group>";
		};
/* End PBXVariantGroup section */

/* Begin XCBuildConfiguration section */
		FFFF0C9F1D852DBD00018F46 /* Debug */ = {
			isa = XCBuildConfiguration;
			buildSettings = {
				ALWAYS_SEARCH_USER_PATHS = NO;
				CLANG_ANALYZER_NONNULL = YES;
				CLANG_CXX_LANGUAGE_STANDARD = "gnu++0x";
				CLANG_CXX_LIBRARY = "libc++";
				CLANG_ENABLE_MODULES = YES;
				CLANG_ENABLE_OBJC_ARC = YES;
				CLANG_WARN_BOOL_CONVERSION = YES;
				CLANG_WARN_CONSTANT_CONVERSION = YES;
				CLANG_WARN_DIRECT_OBJC_ISA_USAGE = YES_ERROR;
				CLANG_WARN_DOCUMENTATION_COMMENTS = YES;
				CLANG_WARN_EMPTY_BODY = YES;
				CLANG_WARN_ENUM_CONVERSION = YES;
				CLANG_WARN_INFINITE_RECURSION = YES;
				CLANG_WARN_INT_CONVERSION = YES;
				CLANG_WARN_OBJC_ROOT_CLASS = YES_ERROR;
				CLANG_WARN_SUSPICIOUS_MOVES = YES;
				CLANG_WARN_UNREACHABLE_CODE = YES;
				CLANG_WARN__DUPLICATE_METHOD_MATCH = YES;
				"CODE_SIGN_IDENTITY[sdk=iphoneos*]" = "iPhone Developer";
				COPY_PHASE_STRIP = NO;
				DEBUG_INFORMATION_FORMAT = dwarf;
				ENABLE_STRICT_OBJC_MSGSEND = YES;
				ENABLE_TESTABILITY = YES;
				GCC_C_LANGUAGE_STANDARD = gnu99;
				GCC_DYNAMIC_NO_PIC = NO;
				GCC_NO_COMMON_BLOCKS = YES;
				GCC_OPTIMIZATION_LEVEL = 0;
				GCC_PREPROCESSOR_DEFINITIONS = (
					"DEBUG=1",
					"$(inherited)",
				);
				GCC_WARN_64_TO_32_BIT_CONVERSION = YES;
				GCC_WARN_ABOUT_RETURN_TYPE = YES_ERROR;
				GCC_WARN_UNDECLARED_SELECTOR = YES;
				GCC_WARN_UNINITIALIZED_AUTOS = YES_AGGRESSIVE;
				GCC_WARN_UNUSED_FUNCTION = YES;
				GCC_WARN_UNUSED_VARIABLE = YES;
				IPHONEOS_DEPLOYMENT_TARGET = 10.0;
				MTL_ENABLE_DEBUG_INFO = YES;
				ONLY_ACTIVE_ARCH = YES;
				SDKROOT = iphoneos;
				SWIFT_ACTIVE_COMPILATION_CONDITIONS = DEBUG;
				SWIFT_OPTIMIZATION_LEVEL = "-Onone";
				TARGETED_DEVICE_FAMILY = "1,2";
			};
			name = Debug;
		};
		FFFF0CA01D852DBD00018F46 /* Release */ = {
			isa = XCBuildConfiguration;
			buildSettings = {
				ALWAYS_SEARCH_USER_PATHS = NO;
				CLANG_ANALYZER_NONNULL = YES;
				CLANG_CXX_LANGUAGE_STANDARD = "gnu++0x";
				CLANG_CXX_LIBRARY = "libc++";
				CLANG_ENABLE_MODULES = YES;
				CLANG_ENABLE_OBJC_ARC = YES;
				CLANG_WARN_BOOL_CONVERSION = YES;
				CLANG_WARN_CONSTANT_CONVERSION = YES;
				CLANG_WARN_DIRECT_OBJC_ISA_USAGE = YES_ERROR;
				CLANG_WARN_DOCUMENTATION_COMMENTS = YES;
				CLANG_WARN_EMPTY_BODY = YES;
				CLANG_WARN_ENUM_CONVERSION = YES;
				CLANG_WARN_INFINITE_RECURSION = YES;
				CLANG_WARN_INT_CONVERSION = YES;
				CLANG_WARN_OBJC_ROOT_CLASS = YES_ERROR;
				CLANG_WARN_SUSPICIOUS_MOVES = YES;
				CLANG_WARN_UNREACHABLE_CODE = YES;
				CLANG_WARN__DUPLICATE_METHOD_MATCH = YES;
				"CODE_SIGN_IDENTITY[sdk=iphoneos*]" = "iPhone Developer";
				COPY_PHASE_STRIP = NO;
				DEBUG_INFORMATION_FORMAT = "dwarf-with-dsym";
				ENABLE_NS_ASSERTIONS = NO;
				ENABLE_STRICT_OBJC_MSGSEND = YES;
				GCC_C_LANGUAGE_STANDARD = gnu99;
				GCC_NO_COMMON_BLOCKS = YES;
				GCC_WARN_64_TO_32_BIT_CONVERSION = YES;
				GCC_WARN_ABOUT_RETURN_TYPE = YES_ERROR;
				GCC_WARN_UNDECLARED_SELECTOR = YES;
				GCC_WARN_UNINITIALIZED_AUTOS = YES_AGGRESSIVE;
				GCC_WARN_UNUSED_FUNCTION = YES;
				GCC_WARN_UNUSED_VARIABLE = YES;
				IPHONEOS_DEPLOYMENT_TARGET = 10.0;
				MTL_ENABLE_DEBUG_INFO = NO;
				SDKROOT = iphoneos;
				SWIFT_OPTIMIZATION_LEVEL = "-Owholemodule";
				TARGETED_DEVICE_FAMILY = "1,2";
				VALIDATE_PRODUCT = YES;
			};
			name = Release;
		};
		FFFF0CA21D852DBD00018F46 /* Debug */ = {
			isa = XCBuildConfiguration;
			buildSettings = {
				ASSETCATALOG_COMPILER_APPICON_NAME = AppIcon;
				DEVELOPMENT_TEAM = 439Z8JVDE9;
				INFOPLIST_FILE = Speach/Info.plist;
				LD_RUNPATH_SEARCH_PATHS = "$(inherited) @executable_path/Frameworks";
				PRODUCT_BUNDLE_IDENTIFIER = tokyo.dessin.Speach;
				PRODUCT_NAME = "$(TARGET_NAME)";
				SWIFT_VERSION = 3.0;
			};
			name = Debug;
		};
		FFFF0CA31D852DBD00018F46 /* Release */ = {
			isa = XCBuildConfiguration;
			buildSettings = {
				ASSETCATALOG_COMPILER_APPICON_NAME = AppIcon;
				DEVELOPMENT_TEAM = 439Z8JVDE9;
				INFOPLIST_FILE = Speach/Info.plist;
				LD_RUNPATH_SEARCH_PATHS = "$(inherited) @executable_path/Frameworks";
				PRODUCT_BUNDLE_IDENTIFIER = tokyo.dessin.Speach;
				PRODUCT_NAME = "$(TARGET_NAME)";
				SWIFT_VERSION = 3.0;
			};
			name = Release;
		};
/* End XCBuildConfiguration section */

/* Begin XCConfigurationList section */
		FFFF0C8A1D852DBC00018F46 /* Build configuration list for PBXProject "Speach" */ = {
			isa = XCConfigurationList;
			buildConfigurations = (
				FFFF0C9F1D852DBD00018F46 /* Debug */,
				FFFF0CA01D852DBD00018F46 /* Release */,
			);
			defaultConfigurationIsVisible = 0;
			defaultConfigurationName = Release;
		};
		FFFF0CA11D852DBD00018F46 /* Build configuration list for PBXNativeTarget "Speach" */ = {
			isa = XCConfigurationList;
			buildConfigurations = (
				FFFF0CA21D852DBD00018F46 /* Debug */,
				FFFF0CA31D852DBD00018F46 /* Release */,
			);
			defaultConfigurationIsVisible = 0;
		};
/* End XCConfigurationList section */
	};
	rootObject = FFFF0C871D852DBC00018F46 /* Project object */;
}
